<Solution>
  <Folder Name="/Solution Items/">
    <File Path=".gitignore" />
    <File Path="Directory.Build.props" />
    <File Path="icon.png" />
    <File Path="nuget.config" />
    <File Path="README.md" />
  </Folder>
  <Project Path="Frank.XsdCodeGeneration.Tests/Frank.XsdCodeGeneration.Tests.csproj" />
  <Project Path="Frank.XsdCodeGeneration/Frank.XsdCodeGeneration.csproj" />
</Solution>
